lockfileVersion: '9.0'

settings:
  autoInstallPeers: true
  excludeLinksFromLockfile: false

importers:

  .:
    dependencies:
      cytoscape:
        specifier: ^3.33.2
        version: 3.33.2
    devDependencies:
      '@types/cytoscape':
        specifier: ^3.4.0
        version: 3.31.0
      typescript:
        specifier: ^5.8.0
        version: 5.9.3

packages:

  '@types/cytoscape@3.31.0':
    resolution: {integrity: sha512-EXHOHxqQjGxLDEh5cP4te6J0bi7LbCzmZkzsR6f703igUac8UGMdEohMyU3GHAayCTZrLQOMnaE/lqB2Ekh8Ww==}
    deprecated: This is a stub types definition. cytoscape provides its own type definitions, so you do not need this installed.

  cytoscape@3.33.2:
    resolution: {integrity: sha512-sj4HXd3DokGhzZAdjDejGvTPLqlt84vNFN8m7bGsOzDY5DyVcxIb2ejIXat2Iy7HxWhdT/N1oKyheJ5YdpsGuw==}
    engines: {node: '>=0.10'}

  typescript@5.9.3:
    resolution: {integrity: sha512-jl1vZzPDinLr9eUt3J/t7V6FgNEw9QjvBPdysz9KfQDD41fQrC2Y4vKQdiaUpFT4bXlb1RHhLpp8wtm6M5TgSw==}
    engines: {node: '>=14.17'}
    hasBin: true

snapshots:

  '@types/cytoscape@3.31.0':
    dependencies:
      cytoscape: 3.33.2

  cytoscape@3.33.2: {}

  typescript@5.9.3: {}
